
Microsoft Visual Studio Solution File, Format Version 12.00
# Visual Studio 15
VisualStudioVersion = 15.0.28307.1259
MinimumVisualStudioVersion = 10.0.40219.1
Project("{FAE04EC0-301F-11D3-BF4B-00C04F79EFBC}") = "WFCorreios", "WFCorreios\WFCorreios.csproj", "{4003EE54-A6CD-40B3-AEFC-48A52CDE6A24}"
EndProject
Global
	GlobalSection(SolutionConfigurationPlatforms) = preSolution
		Debug|Any CPU = Debug|Any CPU
		Release|Any CPU = Release|Any CPU
	EndGlobalSection
	GlobalSection(ProjectConfigurationPlatforms) = postSolution
		{4003EE54-A6CD-40B3-AEFC-48A52CDE6A24}.Debug|Any CPU.ActiveCfg = Debug|Any CPU
		{4003EE54-A6CD-40B3-AEFC-48A52CDE6A24}.Debug|Any CPU.Build.0 = Debug|Any CPU
		{4003EE54-A6CD-40B3-AEFC-48A52CDE6A24}.Release|Any CPU.ActiveCfg = Release|Any CPU
		{4003EE54-A6CD-40B3-AEFC-48A52CDE6A24}.Release|Any CPU.Build.0 = Release|Any CPU
	EndGlobalSection
	GlobalSection(SolutionProperties) = preSolution
		HideSolutionNode = FALSE
	EndGlobalSection
	GlobalSection(ExtensibilityGlobals) = postSolution
		SolutionGuid = {A71A802E-DDB9-42B7-A929-FE4D931B8B42}
	EndGlobalSection
EndGlobal
